
Microsoft Visual Studio Solution File, Format Version 12.00
# Visual Studio 15
VisualStudioVersion = 15.0.28307.779
MinimumVisualStudioVersion = 10.0.40219.1
Project("{FAE04EC0-301F-11D3-BF4B-00C04F79EFBC}") = "PatternsApp", "PatternsApp\PatternsApp.csproj", "{0D5C3F1B-F7B3-4BC4-92F8-A4D1CAF567FD}"
EndProject
Global
	GlobalSection(SolutionConfigurationPlatforms) = preSolution
		Debug|Any CPU = Debug|Any CPU
		Release|Any CPU = Release|Any CPU
	EndGlobalSection
	GlobalSection(ProjectConfigurationPlatforms) = postSolution
		{0D5C3F1B-F7B3-4BC4-92F8-A4D1CAF567FD}.Debug|Any CPU.ActiveCfg = Debug|Any CPU
		{0D5C3F1B-F7B3-4BC4-92F8-A4D1CAF567FD}.Debug|Any CPU.Build.0 = Debug|Any CPU
		{0D5C3F1B-F7B3-4BC4-92F8-A4D1CAF567FD}.Release|Any CPU.ActiveCfg = Release|Any CPU
		{0D5C3F1B-F7B3-4BC4-92F8-A4D1CAF567FD}.Release|Any CPU.Build.0 = Release|Any CPU
	EndGlobalSection
	GlobalSection(SolutionProperties) = preSolution
		HideSolutionNode = FALSE
	EndGlobalSection
	GlobalSection(ExtensibilityGlobals) = postSolution
		SolutionGuid = {951C61BD-07A5-4DD4-A474-C792188603E0}
	EndGlobalSection
EndGlobal
